// !$*UTF8*$!
{
	archiveVersion = 1;
	classes = {
	};
	objectVersion = 56;
	objects = {

/* Begin PBXBuildFile section */
		7F3587882A52F76C0006C9D8 /* SwipeCellKit in Frameworks */ = {isa = PBXBuildFile; productRef = 7F3587872A52F76C0006C9D8 /* SwipeCellKit */; };
		7F63AC2D2A388DD300215F72 /* Realm in Frameworks */ = {isa = PBXBuildFile; productRef = 7F63AC2C2A388DD300215F72 /* Realm */; };
		7F63AC2F2A388DD300215F72 /* RealmSwift in Frameworks */ = {isa = PBXBuildFile; productRef = 7F63AC2E2A388DD300215F72 /* RealmSwift */; };
		7F63AC332A38976300215F72 /* Item.swift in Sources */ = {isa = PBXBuildFile; fileRef = 7F63AC322A38976300215F72 /* Item.swift */; };
		7F63AC352A38976E00215F72 /* Category.swift in Sources */ = {isa = PBXBuildFile; fileRef = 7F63AC342A38976E00215F72 /* Category.swift */; };
		7FB1EDA12A37527100DE30F2 /* CategoryViewController.swift in Sources */ = {isa = PBXBuildFile; fileRef = 7FB1EDA02A37527100DE30F2 /* CategoryViewController.swift */; };
		7FBD05F32A0D13A000508964 /* AppDelegate.swift in Sources */ = {isa = PBXBuildFile; fileRef = 7FBD05F22A0D13A000508964 /* AppDelegate.swift */; };
		7FBD05F52A0D13A000508964 /* SceneDelegate.swift in Sources */ = {isa = PBXBuildFile; fileRef = 7FBD05F42A0D13A000508964 /* SceneDelegate.swift */; };
		7FBD05F72A0D13A000508964 /* TodolistViewController.swift in Sources */ = {isa = PBXBuildFile; fileRef = 7FBD05F62A0D13A000508964 /* TodolistViewController.swift */; };
		7FBD05FA2A0D13A000508964 /* Main.storyboard in Resources */ = {isa = PBXBuildFile; fileRef = 7FBD05F82A0D13A000508964 /* Main.storyboard */; };
		7FBD05FC2A0D13A100508964 /* Assets.xcassets in Resources */ = {isa = PBXBuildFile; fileRef = 7FBD05FB2A0D13A100508964 /* Assets.xcassets */; };
		7FBD05FF2A0D13A100508964 /* LaunchScreen.storyboard in Resources */ = {isa = PBXBuildFile; fileRef = 7FBD05FD2A0D13A100508964 /* LaunchScreen.storyboard */; };
		7FBD060A2A0D13A100508964 /* ToDoListTests.swift in Sources */ = {isa = PBXBuildFile; fileRef = 7FBD06092A0D13A100508964 /* ToDoListTests.swift */; };
		7FBD06142A0D13A100508964 /* ToDoListUITests.swift in Sources */ = {isa = PBXBuildFile; fileRef = 7FBD06132A0D13A100508964 /* ToDoListUITests.swift */; };
		7FBD06162A0D13A100508964 /* ToDoListUITestsLaunchTests.swift in Sources */ = {isa = PBXBuildFile; fileRef = 7FBD06152A0D13A100508964 /* ToDoListUITestsLaunchTests.swift */; };
/* End PBXBuildFile section */

/* Begin PBXContainerItemProxy section */
		7FBD06062A0D13A100508964 /* PBXContainerItemProxy */ = {
			isa = PBXContainerItemProxy;
			containerPortal = 7FBD05E72A0D13A000508964 /* Project object */;
			proxyType = 1;
			remoteGlobalIDString = 7FBD05EE2A0D13A000508964;
			remoteInfo = ToDoList;
		};
		7FBD06102A0D13A100508964 /* PBXContainerItemProxy */ = {
			isa = PBXContainerItemProxy;
			containerPortal = 7FBD05E72A0D13A000508964 /* Project object */;
			proxyType = 1;
			remoteGlobalIDString = 7FBD05EE2A0D13A000508964;
			remoteInfo = ToDoList;
		};
/* End PBXContainerItemProxy section */

/* Begin PBXFileReference section */
		7F63AC322A38976300215F72 /* Item.swift */ = {isa = PBXFileReference; lastKnownFileType = sourcecode.swift; path = Item.swift; sourceTree = "<group>"; };
		7F63AC342A38976E00215F72 /* Category.swift */ = {isa = PBXFileReference; lastKnownFileType = sourcecode.swift; path = Category.swift; sourceTree = "<group>"; };
		7FB1EDA02A37527100DE30F2 /* CategoryViewController.swift */ = {isa = PBXFileReference; lastKnownFileType = sourcecode.swift; path = CategoryViewController.swift; sourceTree = "<group>"; };
		7FBD05EF2A0D13A000508964 /* ToDoList.app */ = {isa = PBXFileReference; explicitFileType = wrapper.application; includeInIndex = 0; path = ToDoList.app; sourceTree = BUILT_PRODUCTS_DIR; };
		7FBD05F22A0D13A000508964 /* AppDelegate.swift */ = {isa = PBXFileReference; lastKnownFileType = sourcecode.swift; path = AppDelegate.swift; sourceTree = "<group>"; };
		7FBD05F42A0D13A000508964 /* SceneDelegate.swift */ = {isa = PBXFileReference; lastKnownFileType = sourcecode.swift; path = SceneDelegate.swift; sourceTree = "<group>"; };
		7FBD05F62A0D13A000508964 /* TodolistViewController.swift */ = {isa = PBXFileReference; lastKnownFileType = sourcecode.swift; path = TodolistViewController.swift; sourceTree = "<group>"; };
		7FBD05F92A0D13A000508964 /* Base */ = {isa = PBXFileReference; lastKnownFileType = file.storyboard; name = Base; path = Base.lproj/Main.storyboard; sourceTree = "<group>"; };
		7FBD05FB2A0D13A100508964 /* Assets.xcassets */ = {isa = PBXFileReference; lastKnownFileType = folder.assetcatalog; path = Assets.xcassets; sourceTree = "<group>"; };
		7FBD05FE2A0D13A100508964 /* Base */ = {isa = PBXFileReference; lastKnownFileType = file.storyboard; name = Base; path = Base.lproj/LaunchScreen.storyboard; sourceTree = "<group>"; };
		7FBD06002A0D13A100508964 /* Info.plist */ = {isa = PBXFileReference; lastKnownFileType = text.plist.xml; path = Info.plist; sourceTree = "<group>"; };
		7FBD06052A0D13A100508964 /* ToDoListTests.xctest */ = {isa = PBXFileReference; explicitFileType = wrapper.cfbundle; includeInIndex = 0; path = ToDoListTests.xctest; sourceTree = BUILT_PRODUCTS_DIR; };
		7FBD06092A0D13A100508964 /* ToDoListTests.swift */ = {isa = PBXFileReference; lastKnownFileType = sourcecode.swift; path = ToDoListTests.swift; sourceTree = "<group>"; };
		7FBD060F2A0D13A100508964 /* ToDoListUITests.xctest */ = {isa = PBXFileReference; explicitFileType = wrapper.cfbundle; includeInIndex = 0; path = ToDoListUITests.xctest; sourceTree = BUILT_PRODUCTS_DIR; };
		7FBD06132A0D13A100508964 /* ToDoListUITests.swift */ = {isa = PBXFileReference; lastKnownFileType = sourcecode.swift; path = ToDoListUITests.swift; sourceTree = "<group>"; };
		7FBD06152A0D13A100508964 /* ToDoListUITestsLaunchTests.swift */ = {isa = PBXFileReference; lastKnownFileType = sourcecode.swift; path = ToDoListUITestsLaunchTests.swift; sourceTree = "<group>"; };
/* End PBXFileReference section */

/* Begin PBXFrameworksBuildPhase section */
		7FBD05EC2A0D13A000508964 /* Frameworks */ = {
			isa = PBXFrameworksBuildPhase;
			buildActionMask = 2147483647;
			files = (
				7F63AC2F2A388DD300215F72 /* RealmSwift in Frameworks */,
				7F3587882A52F76C0006C9D8 /* SwipeCellKit in Frameworks */,
				7F63AC2D2A388DD300215F72 /* Realm in Frameworks */,
			);
			runOnlyForDeploymentPostprocessing = 0;
		};
		7FBD06022A0D13A100508964 /* Frameworks */ = {
			isa = PBXFrameworksBuildPhase;
			buildActionMask = 2147483647;
			files = (
			);
			runOnlyForDeploymentPostprocessing = 0;
		};
		7FBD060C2A0D13A100508964 /* Frameworks */ = {
			isa = PBXFrameworksBuildPhase;
			buildActionMask = 2147483647;
			files = (
			);
			runOnlyForDeploymentPostprocessing = 0;
		};
/* End PBXFrameworksBuildPhase section */

/* Begin PBXGroup section */
		7F6E3FDC2A1E316A00E19F7D /* Data Model */ = {
			isa = PBXGroup;
			children = (
				7F63AC342A38976E00215F72 /* Category.swift */,
				7F63AC322A38976300215F72 /* Item.swift */,
			);
			path = "Data Model";
			sourceTree = "<group>";
		};
		7F6E3FDD2A1E318000E19F7D /* Controllers */ = {
			isa = PBXGroup;
			children = (
				7FB1EDA02A37527100DE30F2 /* CategoryViewController.swift */,
				7FBD05F62A0D13A000508964 /* TodolistViewController.swift */,
			);
			path = Controllers;
			sourceTree = "<group>";
		};
		7F6E3FDE2A1E319400E19F7D /* Views */ = {
			isa = PBXGroup;
			children = (
				7FBD05F82A0D13A000508964 /* Main.storyboard */,
			);
			path = Views;
			sourceTree = "<group>";
		};
		7F6E3FDF2A1E31A600E19F7D /* Supporting Files */ = {
			isa = PBXGroup;
			children = (
				7FBD05FB2A0D13A100508964 /* Assets.xcassets */,
				7FBD05FD2A0D13A100508964 /* LaunchScreen.storyboard */,
			);
			path = "Supporting Files";
			sourceTree = "<group>";
		};
		7FBD05E62A0D13A000508964 = {
			isa = PBXGroup;
			children = (
				7FBD05F12A0D13A000508964 /* ToDoList */,
				7FBD06082A0D13A100508964 /* ToDoListTests */,
				7FBD06122A0D13A100508964 /* ToDoListUITests */,
				7FBD05F02A0D13A000508964 /* Products */,
			);
			sourceTree = "<group>";
		};
		7FBD05F02A0D13A000508964 /* Products */ = {
			isa = PBXGroup;
			children = (
				7FBD05EF2A0D13A000508964 /* ToDoList.app */,
				7FBD06052A0D13A100508964 /* ToDoListTests.xctest */,
				7FBD060F2A0D13A100508964 /* ToDoListUITests.xctest */,
			);
			name = Products;
			sourceTree = "<group>";
		};
		7FBD05F12A0D13A000508964 /* ToDoList */ = {
			isa = PBXGroup;
			children = (
				7FBD05F22A0D13A000508964 /* AppDelegate.swift */,
				7FBD05F42A0D13A000508964 /* SceneDelegate.swift */,
				7F6E3FDD2A1E318000E19F7D /* Controllers */,
				7F6E3FDC2A1E316A00E19F7D /* Data Model */,
				7F6E3FDE2A1E319400E19F7D /* Views */,
				7F6E3FDF2A1E31A600E19F7D /* Supporting Files */,
				7FBD06002A0D13A100508964 /* Info.plist */,
			);
			path = ToDoList;
			sourceTree = "<group>";
		};
		7FBD06082A0D13A100508964 /* ToDoListTests */ = {
			isa = PBXGroup;
			children = (
				7FBD06092A0D13A100508964 /* ToDoListTests.swift */,
			);
			path = ToDoListTests;
			sourceTree = "<group>";
		};
		7FBD06122A0D13A100508964 /* ToDoListUITests */ = {
			isa = PBXGroup;
			children = (
				7FBD06132A0D13A100508964 /* ToDoListUITests.swift */,
				7FBD06152A0D13A100508964 /* ToDoListUITestsLaunchTests.swift */,
			);
			path = ToDoListUITests;
			sourceTree = "<group>";
		};
/* End PBXGroup section */

/* Begin PBXNativeTarget section */
		7FBD05EE2A0D13A000508964 /* ToDoList */ = {
			isa = PBXNativeTarget;
			buildConfigurationList = 7FBD06192A0D13A100508964 /* Build configuration list for PBXNativeTarget "ToDoList" */;
			buildPhases = (
				7FBD05EB2A0D13A000508964 /* Sources */,
				7FBD05EC2A0D13A000508964 /* Frameworks */,
				7FBD05ED2A0D13A000508964 /* Resources */,
			);
			buildRules = (
			);
			dependencies = (
			);
			name = ToDoList;
			packageProductDependencies = (
				7F63AC2C2A388DD300215F72 /* Realm */,
				7F63AC2E2A388DD300215F72 /* RealmSwift */,
				7F3587872A52F76C0006C9D8 /* SwipeCellKit */,
			);
			productName = ToDoList;
			productReference = 7FBD05EF2A0D13A000508964 /* ToDoList.app */;
			productType = "com.apple.product-type.application";
		};
		7FBD06042A0D13A100508964 /* ToDoListTests */ = {
			isa = PBXNativeTarget;
			buildConfigurationList = 7FBD061C2A0D13A100508964 /* Build configuration list for PBXNativeTarget "ToDoListTests" */;
			buildPhases = (
				7FBD06012A0D13A100508964 /* Sources */,
				7FBD06022A0D13A100508964 /* Frameworks */,
				7FBD06032A0D13A100508964 /* Resources */,
			);
			buildRules = (
			);
			dependencies = (
				7FBD06072A0D13A100508964 /* PBXTargetDependency */,
			);
			name = ToDoListTests;
			productName = ToDoListTests;
			productReference = 7FBD06052A0D13A100508964 /* ToDoListTests.xctest */;
			productType = "com.apple.product-type.bundle.unit-test";
		};
		7FBD060E2A0D13A100508964 /* ToDoListUITests */ = {
			isa = PBXNativeTarget;
			buildConfigurationList = 7FBD061F2A0D13A100508964 /* Build configuration list for PBXNativeTarget "ToDoListUITests" */;
			buildPhases = (
				7FBD060B2A0D13A100508964 /* Sources */,
				7FBD060C2A0D13A100508964 /* Frameworks */,
				7FBD060D2A0D13A100508964 /* Resources */,
			);
			buildRules = (
			);
			dependencies = (
				7FBD06112A0D13A100508964 /* PBXTargetDependency */,
			);
			name = ToDoListUITests;
			productName = ToDoListUITests;
			productReference = 7FBD060F2A0D13A100508964 /* ToDoListUITests.xctest */;
			productType = "com.apple.product-type.bundle.ui-testing";
		};
/* End PBXNativeTarget section */

/* Begin PBXProject section */
		7FBD05E72A0D13A000508964 /* Project object */ = {
			isa = PBXProject;
			attributes = {
				BuildIndependentTargetsInParallel = 1;
				LastSwiftUpdateCheck = 1420;
				LastUpgradeCheck = 1420;
				TargetAttributes = {
					7FBD05EE2A0D13A000508964 = {
						CreatedOnToolsVersion = 14.2;
					};
					7FBD06042A0D13A100508964 = {
						CreatedOnToolsVersion = 14.2;
						TestTargetID = 7FBD05EE2A0D13A000508964;
					};
					7FBD060E2A0D13A100508964 = {
						CreatedOnToolsVersion = 14.2;
						TestTargetID = 7FBD05EE2A0D13A000508964;
					};
				};
			};
			buildConfigurationList = 7FBD05EA2A0D13A000508964 /* Build configuration list for PBXProject "ToDoList" */;
			compatibilityVersion = "Xcode 14.0";
			developmentRegion = en;
			hasScannedForEncodings = 0;
			knownRegions = (
				en,
				Base,
			);
			mainGroup = 7FBD05E62A0D13A000508964;
			packageReferences = (
				7F63AC2B2A388DD300215F72 /* XCRemoteSwiftPackageReference "realm-swift" */,
				7F3587862A52F76C0006C9D8 /* XCRemoteSwiftPackageReference "SwipeCellKit" */,
			);
			productRefGroup = 7FBD05F02A0D13A000508964 /* Products */;
			projectDirPath = "";
			projectRoot = "";
			targets = (
				7FBD05EE2A0D13A000508964 /* ToDoList */,
				7FBD06042A0D13A100508964 /* ToDoListTests */,
				7FBD060E2A0D13A100508964 /* ToDoListUITests */,
			);
		};
/* End PBXProject section */

/* Begin PBXResourcesBuildPhase section */
		7FBD05ED2A0D13A000508964 /* Resources */ = {
			isa = PBXResourcesBuildPhase;
			buildActionMask = 2147483647;
			files = (
				7FBD05FF2A0D13A100508964 /* LaunchScreen.storyboard in Resources */,
				7FBD05FC2A0D13A100508964 /* Assets.xcassets in Resources */,
				7FBD05FA2A0D13A000508964 /* Main.storyboard in Resources */,
			);
			runOnlyForDeploymentPostprocessing = 0;
		};
		7FBD06032A0D13A100508964 /* Resources */ = {
			isa = PBXResourcesBuildPhase;
			buildActionMask = 2147483647;
			files = (
			);
			runOnlyForDeploymentPostprocessing = 0;
		};
		7FBD060D2A0D13A100508964 /* Resources */ = {
			isa = PBXResourcesBuildPhase;
			buildActionMask = 2147483647;
			files = (
			);
			runOnlyForDeploymentPostprocessing = 0;
		};
/* End PBXResourcesBuildPhase section */

/* Begin PBXSourcesBuildPhase section */
		7FBD05EB2A0D13A000508964 /* Sources */ = {
			isa = PBXSourcesBuildPhase;
			buildActionMask = 2147483647;
			files = (
				7FB1EDA12A37527100DE30F2 /* CategoryViewController.swift in Sources */,
				7FBD05F72A0D13A000508964 /* TodolistViewController.swift in Sources */,
				7FBD05F32A0D13A000508964 /* AppDelegate.swift in Sources */,
				7F63AC332A38976300215F72 /* Item.swift in Sources */,
				7FBD05F52A0D13A000508964 /* SceneDelegate.swift in Sources */,
				7F63AC352A38976E00215F72 /* Category.swift in Sources */,
			);
			runOnlyForDeploymentPostprocessing = 0;
		};
		7FBD06012A0D13A100508964 /* Sources */ = {
			isa = PBXSourcesBuildPhase;
			buildActionMask = 2147483647;
			files = (
				7FBD060A2A0D13A100508964 /* ToDoListTests.swift in Sources */,
			);
			runOnlyForDeploymentPostprocessing = 0;
		};
		7FBD060B2A0D13A100508964 /* Sources */ = {
			isa = PBXSourcesBuildPhase;
			buildActionMask = 2147483647;
			files = (
				7FBD06162A0D13A100508964 /* ToDoListUITestsLaunchTests.swift in Sources */,
				7FBD06142A0D13A100508964 /* ToDoListUITests.swift in Sources */,
			);
			runOnlyForDeploymentPostprocessing = 0;
		};
/* End PBXSourcesBuildPhase section */

/* Begin PBXTargetDependency section */
		7FBD06072A0D13A100508964 /* PBXTargetDependency */ = {
			isa = PBXTargetDependency;
			target = 7FBD05EE2A0D13A000508964 /* ToDoList */;
			targetProxy = 7FBD06062A0D13A100508964 /* PBXContainerItemProxy */;
		};
		7FBD06112A0D13A100508964 /* PBXTargetDependency */ = {
			isa = PBXTargetDependency;
			target = 7FBD05EE2A0D13A000508964 /* ToDoList */;
			targetProxy = 7FBD06102A0D13A100508964 /* PBXContainerItemProxy */;
		};
/* End PBXTargetDependency section */

/* Begin PBXVariantGroup section */
		7FBD05F82A0D13A000508964 /* Main.storyboard */ = {
			isa = PBXVariantGroup;
			children = (
				7FBD05F92A0D13A000508964 /* Base */,
			);
			name = Main.storyboard;
			sourceTree = "<group>";
		};
		7FBD05FD2A0D13A100508964 /* LaunchScreen.storyboard */ = {
			isa = PBXVariantGroup;
			children = (
				7FBD05FE2A0D13A100508964 /* Base */,
			);
			name = LaunchScreen.storyboard;
			sourceTree = "<group>";
		};
/* End PBXVariantGroup section */

/* Begin XCBuildConfiguration section */
		7FBD06172A0D13A100508964 /* Debug */ = {
			isa = XCBuildConfiguration;
			buildSettings = {
				ALWAYS_SEARCH_USER_PATHS = NO;
				CLANG_ANALYZER_NONNULL = YES;
				CLANG_ANALYZER_NUMBER_OBJECT_CONVERSION = YES_AGGRESSIVE;
				CLANG_CXX_LANGUAGE_STANDARD = "gnu++20";
				CLANG_ENABLE_MODULES = YES;
				CLANG_ENABLE_OBJC_ARC = YES;
				CLANG_ENABLE_OBJC_WEAK = YES;
				CLANG_WARN_BLOCK_CAPTURE_AUTORELEASING = YES;
				CLANG_WARN_BOOL_CONVERSION = YES;
				CLANG_WARN_COMMA = YES;
				CLANG_WARN_CONSTANT_CONVERSION = YES;
				CLANG_WARN_DEPRECATED_OBJC_IMPLEMENTATIONS = YES;
				CLANG_WARN_DIRECT_OBJC_ISA_USAGE = YES_ERROR;
				CLANG_WARN_DOCUMENTATION_COMMENTS = YES;
				CLANG_WARN_EMPTY_BODY = YES;
				CLANG_WARN_ENUM_CONVERSION = YES;
				CLANG_WARN_INFINITE_RECURSION = YES;
				CLANG_WARN_INT_CONVERSION = YES;
				CLANG_WARN_NON_LITERAL_NULL_CONVERSION = YES;
				CLANG_WARN_OBJC_IMPLICIT_RETAIN_SELF = YES;
				CLANG_WARN_OBJC_LITERAL_CONVERSION = YES;
				CLANG_WARN_OBJC_ROOT_CLASS = YES_ERROR;
				CLANG_WARN_QUOTED_INCLUDE_IN_FRAMEWORK_HEADER = YES;
				CLANG_WARN_RANGE_LOOP_ANALYSIS = YES;
				CLANG_WARN_STRICT_PROTOTYPES = YES;
				CLANG_WARN_SUSPICIOUS_MOVE = YES;
				CLANG_WARN_UNGUARDED_AVAILABILITY = YES_AGGRESSIVE;
				CLANG_WARN_UNREACHABLE_CODE = YES;
				CLANG_WARN__DUPLICATE_METHOD_MATCH = YES;
				COPY_PHASE_STRIP = NO;
				DEBUG_INFORMATION_FORMAT = dwarf;
				ENABLE_STRICT_OBJC_MSGSEND = YES;
				ENABLE_TESTABILITY = YES;
				GCC_C_LANGUAGE_STANDARD = gnu11;
				GCC_DYNAMIC_NO_PIC = NO;
				GCC_NO_COMMON_BLOCKS = YES;
				GCC_OPTIMIZATION_LEVEL = 0;
				GCC_PREPROCESSOR_DEFINITIONS = (
					"DEBUG=1",
					"$(inherited)",
				);
				GCC_WARN_64_TO_32_BIT_CONVERSION = YES;
				GCC_WARN_ABOUT_RETURN_TYPE = YES_ERROR;
				GCC_WARN_UNDECLARED_SELECTOR = YES;
				GCC_WARN_UNINITIALIZED_AUTOS = YES_AGGRESSIVE;
				GCC_WARN_UNUSED_FUNCTION = YES;
				GCC_WARN_UNUSED_VARIABLE = YES;
				IPHONEOS_DEPLOYMENT_TARGET = 16.2;
				MTL_ENABLE_DEBUG_INFO = INCLUDE_SOURCE;
				MTL_FAST_MATH = YES;
				ONLY_ACTIVE_ARCH = YES;
				SDKROOT = iphoneos;
				SWIFT_ACTIVE_COMPILATION_CONDITIONS = DEBUG;
				SWIFT_OPTIMIZATION_LEVEL = "-Onone";
			};
			name = Debug;
		};
		7FBD06182A0D13A100508964 /* Release */ = {
			isa = XCBuildConfiguration;
			buildSettings = {
				ALWAYS_SEARCH_USER_PATHS = NO;
				CLANG_ANALYZER_NONNULL = YES;
				CLANG_ANALYZER_NUMBER_OBJECT_CONVERSION = YES_AGGRESSIVE;
				CLANG_CXX_LANGUAGE_STANDARD = "gnu++20";
				CLANG_ENABLE_MODULES = YES;
				CLANG_ENABLE_OBJC_ARC = YES;
				CLANG_ENABLE_OBJC_WEAK = YES;
				CLANG_WARN_BLOCK_CAPTURE_AUTORELEASING = YES;
				CLANG_WARN_BOOL_CONVERSION = YES;
				CLANG_WARN_COMMA = YES;
				CLANG_WARN_CONSTANT_CONVERSION = YES;
				CLANG_WARN_DEPRECATED_OBJC_IMPLEMENTATIONS = YES;
				CLANG_WARN_DIRECT_OBJC_ISA_USAGE = YES_ERROR;
				CLANG_WARN_DOCUMENTATION_COMMENTS = YES;
				CLANG_WARN_EMPTY_BODY = YES;
				CLANG_WARN_ENUM_CONVERSION = YES;
				CLANG_WARN_INFINITE_RECURSION = YES;
				CLANG_WARN_INT_CONVERSION = YES;
				CLANG_WARN_NON_LITERAL_NULL_CONVERSION = YES;
				CLANG_WARN_OBJC_IMPLICIT_RETAIN_SELF = YES;
				CLANG_WARN_OBJC_LITERAL_CONVERSION = YES;
				CLANG_WARN_OBJC_ROOT_CLASS = YES_ERROR;
				CLANG_WARN_QUOTED_INCLUDE_IN_FRAMEWORK_HEADER = YES;
				CLANG_WARN_RANGE_LOOP_ANALYSIS = YES;
				CLANG_WARN_STRICT_PROTOTYPES = YES;
				CLANG_WARN_SUSPICIOUS_MOVE = YES;
				CLANG_WARN_UNGUARDED_AVAILABILITY = YES_AGGRESSIVE;
				CLANG_WARN_UNREACHABLE_CODE = YES;
				CLANG_WARN__DUPLICATE_METHOD_MATCH = YES;
				COPY_PHASE_STRIP = NO;
				DEBUG_INFORMATION_FORMAT = "dwarf-with-dsym";
				ENABLE_NS_ASSERTIONS = NO;
				ENABLE_STRICT_OBJC_MSGSEND = YES;
				GCC_C_LANGUAGE_STANDARD = gnu11;
				GCC_NO_COMMON_BLOCKS = YES;
				GCC_WARN_64_TO_32_BIT_CONVERSION = YES;
				GCC_WARN_ABOUT_RETURN_TYPE = YES_ERROR;
				GCC_WARN_UNDECLARED_SELECTOR = YES;
				GCC_WARN_UNINITIALIZED_AUTOS = YES_AGGRESSIVE;
				GCC_WARN_UNUSED_FUNCTION = YES;
				GCC_WARN_UNUSED_VARIABLE = YES;
				IPHONEOS_DEPLOYMENT_TARGET = 16.2;
				MTL_ENABLE_DEBUG_INFO = NO;
				MTL_FAST_MATH = YES;
				SDKROOT = iphoneos;
				SWIFT_COMPILATION_MODE = wholemodule;
				SWIFT_OPTIMIZATION_LEVEL = "-O";
				VALIDATE_PRODUCT = YES;
			};
			name = Release;
		};
		7FBD061A2A0D13A100508964 /* Debug */ = {
			isa = XCBuildConfiguration;
			buildSettings = {
				ASSETCATALOG_COMPILER_APPICON_NAME = AppIcon;
				ASSETCATALOG_COMPILER_GLOBAL_ACCENT_COLOR_NAME = AccentColor;
				CODE_SIGN_STYLE = Automatic;
				CURRENT_PROJECT_VERSION = 1;
				DEVELOPMENT_TEAM = F647YG6PWZ;
				GENERATE_INFOPLIST_FILE = YES;
				INFOPLIST_FILE = ToDoList/Info.plist;
				INFOPLIST_KEY_UIApplicationSupportsIndirectInputEvents = YES;
				INFOPLIST_KEY_UILaunchStoryboardName = LaunchScreen;
				INFOPLIST_KEY_UIMainStoryboardFile = Main;
				INFOPLIST_KEY_UISupportedInterfaceOrientations_iPad = "UIInterfaceOrientationPortrait UIInterfaceOrientationPortraitUpsideDown UIInterfaceOrientationLandscapeLeft UIInterfaceOrientationLandscapeRight";
				INFOPLIST_KEY_UISupportedInterfaceOrientations_iPhone = "UIInterfaceOrientationPortrait UIInterfaceOrientationLandscapeLeft UIInterfaceOrientationLandscapeRight";
				LD_RUNPATH_SEARCH_PATHS = (
					"$(inherited)",
					"@executable_path/Frameworks",
				);
				MARKETING_VERSION = 1.0;
				PRODUCT_BUNDLE_IDENTIFIER = fatimbow.ToDoList;
				PRODUCT_NAME = "$(TARGET_NAME)";
				SWIFT_EMIT_LOC_STRINGS = YES;
				SWIFT_VERSION = 5.0;
				TARGETED_DEVICE_FAMILY = "1,2";
			};
			name = Debug;
		};
		7FBD061B2A0D13A100508964 /* Release */ = {
			isa = XCBuildConfiguration;
			buildSettings = {
				ASSETCATALOG_COMPILER_APPICON_NAME = AppIcon;
				ASSETCATALOG_COMPILER_GLOBAL_ACCENT_COLOR_NAME = AccentColor;
				CODE_SIGN_STYLE = Automatic;
				CURRENT_PROJECT_VERSION = 1;
				DEVELOPMENT_TEAM = F647YG6PWZ;
				GENERATE_INFOPLIST_FILE = YES;
				INFOPLIST_FILE = ToDoList/Info.plist;
				INFOPLIST_KEY_UIApplicationSupportsIndirectInputEvents = YES;
				INFOPLIST_KEY_UILaunchStoryboardName = LaunchScreen;
				INFOPLIST_KEY_UIMainStoryboardFile = Main;
				INFOPLIST_KEY_UISupportedInterfaceOrientations_iPad = "UIInterfaceOrientationPortrait UIInterfaceOrientationPortraitUpsideDown UIInterfaceOrientationLandscapeLeft UIInterfaceOrientationLandscapeRight";
				INFOPLIST_KEY_UISupportedInterfaceOrientations_iPhone = "UIInterfaceOrientationPortrait UIInterfaceOrientationLandscapeLeft UIInterfaceOrientationLandscapeRight";
				LD_RUNPATH_SEARCH_PATHS = (
					"$(inherited)",
					"@executable_path/Frameworks",
				);
				MARKETING_VERSION = 1.0;
				PRODUCT_BUNDLE_IDENTIFIER = fatimbow.ToDoList;
				PRODUCT_NAME = "$(TARGET_NAME)";
				SWIFT_EMIT_LOC_STRINGS = YES;
				SWIFT_VERSION = 5.0;
				TARGETED_DEVICE_FAMILY = "1,2";
			};
			name = Release;
		};
		7FBD061D2A0D13A100508964 /* Debug */ = {
			isa = XCBuildConfiguration;
			buildSettings = {
				ALWAYS_EMBED_SWIFT_STANDARD_LIBRARIES = YES;
				BUNDLE_LOADER = "$(TEST_HOST)";
				CODE_SIGN_STYLE = Automatic;
				CURRENT_PROJECT_VERSION = 1;
				DEVELOPMENT_TEAM = F647YG6PWZ;
				GENERATE_INFOPLIST_FILE = YES;
				IPHONEOS_DEPLOYMENT_TARGET = 16.2;
				MARKETING_VERSION = 1.0;
				PRODUCT_BUNDLE_IDENTIFIER = fatimbow.ToDoListTests;
				PRODUCT_NAME = "$(TARGET_NAME)";
				SWIFT_EMIT_LOC_STRINGS = NO;
				SWIFT_VERSION = 5.0;
				TARGETED_DEVICE_FAMILY = "1,2";
				TEST_HOST = "$(BUILT_PRODUCTS_DIR)/ToDoList.app/$(BUNDLE_EXECUTABLE_FOLDER_PATH)/ToDoList";
			};
			name = Debug;
		};
		7FBD061E2A0D13A100508964 /* Release */ = {
			isa = XCBuildConfiguration;
			buildSettings = {
				ALWAYS_EMBED_SWIFT_STANDARD_LIBRARIES = YES;
				BUNDLE_LOADER = "$(TEST_HOST)";
				CODE_SIGN_STYLE = Automatic;
				CURRENT_PROJECT_VERSION = 1;
				DEVELOPMENT_TEAM = F647YG6PWZ;
				GENERATE_INFOPLIST_FILE = YES;
				IPHONEOS_DEPLOYMENT_TARGET = 16.2;
				MARKETING_VERSION = 1.0;
				PRODUCT_BUNDLE_IDENTIFIER = fatimbow.ToDoListTests;
				PRODUCT_NAME = "$(TARGET_NAME)";
				SWIFT_EMIT_LOC_STRINGS = NO;
				SWIFT_VERSION = 5.0;
				TARGETED_DEVICE_FAMILY = "1,2";
				TEST_HOST = "$(BUILT_PRODUCTS_DIR)/ToDoList.app/$(BUNDLE_EXECUTABLE_FOLDER_PATH)/ToDoList";
			};
			name = Release;
		};
		7FBD06202A0D13A100508964 /* Debug */ = {
			isa = XCBuildConfiguration;
			buildSettings = {
				ALWAYS_EMBED_SWIFT_STANDARD_LIBRARIES = YES;
				CODE_SIGN_STYLE = Automatic;
				CURRENT_PROJECT_VERSION = 1;
				DEVELOPMENT_TEAM = F647YG6PWZ;
				GENERATE_INFOPLIST_FILE = YES;
				MARKETING_VERSION = 1.0;
				PRODUCT_BUNDLE_IDENTIFIER = fatimbow.ToDoListUITests;
				PRODUCT_NAME = "$(TARGET_NAME)";
				SWIFT_EMIT_LOC_STRINGS = NO;
				SWIFT_VERSION = 5.0;
				TARGETED_DEVICE_FAMILY = "1,2";
				TEST_TARGET_NAME = ToDoList;
			};
			name = Debug;
		};
		7FBD06212A0D13A100508964 /* Release */ = {
			isa = XCBuildConfiguration;
			buildSettings = {
				ALWAYS_EMBED_SWIFT_STANDARD_LIBRARIES = YES;
				CODE_SIGN_STYLE = Automatic;
				CURRENT_PROJECT_VERSION = 1;
				DEVELOPMENT_TEAM = F647YG6PWZ;
				GENERATE_INFOPLIST_FILE = YES;
				MARKETING_VERSION = 1.0;
				PRODUCT_BUNDLE_IDENTIFIER = fatimbow.ToDoListUITests;
				PRODUCT_NAME = "$(TARGET_NAME)";
				SWIFT_EMIT_LOC_STRINGS = NO;
				SWIFT_VERSION = 5.0;
				TARGETED_DEVICE_FAMILY = "1,2";
				TEST_TARGET_NAME = ToDoList;
			};
			name = Release;
		};
/* End XCBuildConfiguration section */

/* Begin XCConfigurationList section */
		7FBD05EA2A0D13A000508964 /* Build configuration list for PBXProject "ToDoList" */ = {
			isa = XCConfigurationList;
			buildConfigurations = (
				7FBD06172A0D13A100508964 /* Debug */,
				7FBD06182A0D13A100508964 /* Release */,
			);
			defaultConfigurationIsVisible = 0;
			defaultConfigurationName = Release;
		};
		7FBD06192A0D13A100508964 /* Build configuration list for PBXNativeTarget "ToDoList" */ = {
			isa = XCConfigurationList;
			buildConfigurations = (
				7FBD061A2A0D13A100508964 /* Debug */,
				7FBD061B2A0D13A100508964 /* Release */,
			);
			defaultConfigurationIsVisible = 0;
			defaultConfigurationName = Release;
		};
		7FBD061C2A0D13A100508964 /* Build configuration list for PBXNativeTarget "ToDoListTests" */ = {
			isa = XCConfigurationList;
			buildConfigurations = (
				7FBD061D2A0D13A100508964 /* Debug */,
				7FBD061E2A0D13A100508964 /* Release */,
			);
			defaultConfigurationIsVisible = 0;
			defaultConfigurationName = Release;
		};
		7FBD061F2A0D13A100508964 /* Build configuration list for PBXNativeTarget "ToDoListUITests" */ = {
			isa = XCConfigurationList;
			buildConfigurations = (
				7FBD06202A0D13A100508964 /* Debug */,
				7FBD06212A0D13A100508964 /* Release */,
			);
			defaultConfigurationIsVisible = 0;
			defaultConfigurationName = Release;
		};
/* End XCConfigurationList section */

/* Begin XCRemoteSwiftPackageReference section */
		7F3587862A52F76C0006C9D8 /* XCRemoteSwiftPackageReference "SwipeCellKit" */ = {
			isa = XCRemoteSwiftPackageReference;
			repositoryURL = "https://github.com/SwipeCellKit/SwipeCellKit";
			requirement = {
				kind = upToNextMajorVersion;
				minimumVersion = 2.7.1;
			};
		};
		7F63AC2B2A388DD300215F72 /* XCRemoteSwiftPackageReference "realm-swift" */ = {
			isa = XCRemoteSwiftPackageReference;
			repositoryURL = "https://github.com/realm/realm-swift.git";
			requirement = {
				kind = upToNextMajorVersion;
				minimumVersion = 10.40.2;
			};
		};
/* End XCRemoteSwiftPackageReference section */

/* Begin XCSwiftPackageProductDependency section */
		7F3587872A52F76C0006C9D8 /* SwipeCellKit */ = {
			isa = XCSwiftPackageProductDependency;
			package = 7F3587862A52F76C0006C9D8 /* XCRemoteSwiftPackageReference "SwipeCellKit" */;
			productName = SwipeCellKit;
		};
		7F63AC2C2A388DD300215F72 /* Realm */ = {
			isa = XCSwiftPackageProductDependency;
			package = 7F63AC2B2A388DD300215F72 /* XCRemoteSwiftPackageReference "realm-swift" */;
			productName = Realm;
		};
		7F63AC2E2A388DD300215F72 /* RealmSwift */ = {
			isa = XCSwiftPackageProductDependency;
			package = 7F63AC2B2A388DD300215F72 /* XCRemoteSwiftPackageReference "realm-swift" */;
			productName = RealmSwift;
		};
/* End XCSwiftPackageProductDependency section */
	};
	rootObject = 7FBD05E72A0D13A000508964 /* Project object */;
}
